
Microsoft Visual Studio Solution File, Format Version 12.00
# Visual Studio Version 17
VisualStudioVersion = 17.1.32210.238
MinimumVisualStudioVersion = 10.0.40219.1
Project("{FAE04EC0-301F-11D3-BF4B-00C04F79EFBC}") = "WeatherProducer", "WeatherProducer\WeatherProducer.csproj", "{EC202AD8-82F2-483A-B487-3919F5BAEECD}"
EndProject
Project("{FAE04EC0-301F-11D3-BF4B-00C04F79EFBC}") = "WeatherConsumer", "WeatherConsumer\WeatherConsumer.csproj", "{96423EEE-D6D1-4F0D-B579-000AD38E5306}"
EndProject
Project("{FAE04EC0-301F-11D3-BF4B-00C04F79EFBC}") = "SensorPublisher", "SensorPublisher\SensorPublisher.csproj", "{2AC61283-638D-4CE7-9B1E-67FC8CCD8A92}"
EndProject
Global
	GlobalSection(SolutionConfigurationPlatforms) = preSolution
		Debug|Any CPU = Debug|Any CPU
		Release|Any CPU = Release|Any CPU
	EndGlobalSection
	GlobalSection(ProjectConfigurationPlatforms) = postSolution
		{EC202AD8-82F2-483A-B487-3919F5BAEECD}.Debug|Any CPU.ActiveCfg = Debug|Any CPU
		{EC202AD8-82F2-483A-B487-3919F5BAEECD}.Debug|Any CPU.Build.0 = Debug|Any CPU
		{EC202AD8-82F2-483A-B487-3919F5BAEECD}.Release|Any CPU.ActiveCfg = Release|Any CPU
		{EC202AD8-82F2-483A-B487-3919F5BAEECD}.Release|Any CPU.Build.0 = Release|Any CPU
		{96423EEE-D6D1-4F0D-B579-000AD38E5306}.Debug|Any CPU.ActiveCfg = Debug|Any CPU
		{96423EEE-D6D1-4F0D-B579-000AD38E5306}.Debug|Any CPU.Build.0 = Debug|Any CPU
		{96423EEE-D6D1-4F0D-B579-000AD38E5306}.Release|Any CPU.ActiveCfg = Release|Any CPU
		{96423EEE-D6D1-4F0D-B579-000AD38E5306}.Release|Any CPU.Build.0 = Release|Any CPU
		{2AC61283-638D-4CE7-9B1E-67FC8CCD8A92}.Debug|Any CPU.ActiveCfg = Debug|Any CPU
		{2AC61283-638D-4CE7-9B1E-67FC8CCD8A92}.Debug|Any CPU.Build.0 = Debug|Any CPU
		{2AC61283-638D-4CE7-9B1E-67FC8CCD8A92}.Release|Any CPU.ActiveCfg = Release|Any CPU
		{2AC61283-638D-4CE7-9B1E-67FC8CCD8A92}.Release|Any CPU.Build.0 = Release|Any CPU
	EndGlobalSection
	GlobalSection(SolutionProperties) = preSolution
		HideSolutionNode = FALSE
	EndGlobalSection
	GlobalSection(ExtensibilityGlobals) = postSolution
		SolutionGuid = {11453D9C-736A-4D9E-BB84-7328EF2C8779}
	EndGlobalSection
EndGlobal
